{
  "version": 4,
  "terraform_version": "1.2.1",
  "serial": 28,
  "lineage": "52177101-cdb8-9151-dc68-6f2531ce0327",
  "outputs": {},
  "resources": [
    {
      "mode": "data",
      "type": "aws_ami",
      "name": "ubuntu",
      "provider": "provider[\"registry.terraform.io/hashicorp/aws\"]",
      "instances": [
        {
          "schema_version": 0,
          "attributes": {
            "architecture": "x86_64",
            "arn": "arn:aws:ec2:eu-central-1::image/ami-065deacbcaac64cf2",
            "block_device_mappings": [
              {
                "device_name": "/dev/sda1",
                "ebs": {
                  "delete_on_termination": "true",
                  "encrypted": "false",
                  "iops": "0",
                  "snapshot_id": "snap-0dc601cd4b02bf813",
                  "throughput": "0",
                  "volume_size": "8",
                  "volume_type": "gp2"
                },
                "no_device": "",
                "virtual_name": ""
              },
              {
                "device_name": "/dev/sdb",
                "ebs": {},
                "no_device": "",
                "virtual_name": "ephemeral0"
              },
              {
                "device_name": "/dev/sdc",
                "ebs": {},
                "no_device": "",
                "virtual_name": "ephemeral1"
              }
            ],
            "boot_mode": "",
            "creation_date": "2022-06-09T12:20:27.000Z",
            "deprecation_time": "2024-06-09T12:20:27.000Z",
            "description": "Canonical, Ubuntu, 22.04 LTS, amd64 jammy image build on 2022-06-09",
            "ena_support": true,
            "executable_users": null,
            "filter": [
              {
                "name": "name",
                "values": [
                  "ubuntu/images/hvm-ssd/ubuntu-jammy-22.04-amd64-server-*"
                ]
              },
              {
                "name": "virtualization-type",
                "values": [
                  "hvm"
                ]
              }
            ],
            "hypervisor": "xen",
            "id": "ami-065deacbcaac64cf2",
            "image_id": "ami-065deacbcaac64cf2",
            "image_location": "099720109477/ubuntu/images/hvm-ssd/ubuntu-jammy-22.04-amd64-server-20220609",
            "image_owner_alias": "",
            "image_type": "machine",
            "kernel_id": "",
            "most_recent": true,
            "name": "ubuntu/images/hvm-ssd/ubuntu-jammy-22.04-amd64-server-20220609",
            "name_regex": null,
            "owner_id": "099720109477",
            "owners": [
              "099720109477"
            ],
            "platform": "",
            "platform_details": "Linux/UNIX",
            "product_codes": [],
            "public": true,
            "ramdisk_id": "",
            "root_device_name": "/dev/sda1",
            "root_device_type": "ebs",
            "root_snapshot_id": "snap-0dc601cd4b02bf813",
            "sriov_net_support": "simple",
            "state": "available",
            "state_reason": {
              "code": "UNSET",
              "message": "UNSET"
            },
            "tags": {},
            "tpm_support": "",
            "usage_operation": "RunInstances",
            "virtualization_type": "hvm"
          },
          "sensitive_attributes": []
        }
      ]
    },
    {
      "mode": "managed",
      "type": "aws_eip",
      "name": "jenkins",
      "provider": "provider[\"registry.terraform.io/hashicorp/aws\"]",
      "instances": [
        {
          "schema_version": 0,
          "attributes": {
            "address": null,
            "allocation_id": "eipalloc-0ebee96ad3dbe382b",
            "associate_with_private_ip": "192.168.1.50",
            "association_id": "eipassoc-036c4bcab2b2d8974",
            "carrier_ip": "",
            "customer_owned_ip": "",
            "customer_owned_ipv4_pool": "",
            "domain": "vpc",
            "id": "eipalloc-0ebee96ad3dbe382b",
            "instance": "",
            "network_border_group": "eu-central-1",
            "network_interface": "eni-0215c1afd38ab5901",
            "private_dns": "ip-192-168-1-50.eu-central-1.compute.internal",
            "private_ip": "192.168.1.50",
            "public_dns": "ec2-3-122-173-48.eu-central-1.compute.amazonaws.com",
            "public_ip": "3.122.173.48",
            "public_ipv4_pool": "amazon",
            "tags": null,
            "tags_all": {},
            "timeouts": null,
            "vpc": true
          },
          "sensitive_attributes": [],
          "private": "eyJlMmJmYjczMC1lY2FhLTExZTYtOGY4OC0zNDM2M2JjN2M0YzAiOnsiZGVsZXRlIjoxODAwMDAwMDAwMDAsInJlYWQiOjkwMDAwMDAwMDAwMCwidXBkYXRlIjozMDAwMDAwMDAwMDB9fQ==",
          "dependencies": [
            "aws_internet_gateway.test-web-app",
            "aws_network_interface.jenkins",
            "aws_security_group.allow-all-outbound",
            "aws_security_group.allow-jenkins-traffic",
            "aws_security_group.allow-ssh-traffic",
            "aws_security_group.allow-staging-traffic",
            "aws_subnet.subnet-public-jenkins",
            "aws_vpc.test-web-app"
          ]
        }
      ]
    },
    {
      "mode": "managed",
      "type": "aws_eip",
      "name": "test-web-app",
      "provider": "provider[\"registry.terraform.io/hashicorp/aws\"]",
      "instances": [
        {
          "status": "tainted",
          "schema_version": 0,
          "attributes": {
            "address": null,
            "allocation_id": null,
            "associate_with_private_ip": "10.0.3.50",
            "association_id": null,
            "carrier_ip": null,
            "customer_owned_ip": null,
            "customer_owned_ipv4_pool": null,
            "domain": "vpc",
            "id": "eipalloc-0aa5ef268c510a632",
            "instance": "",
            "network_border_group": null,
            "network_interface": "",
            "private_dns": null,
            "private_ip": null,
            "public_dns": null,
            "public_ip": null,
            "public_ipv4_pool": null,
            "tags": null,
            "tags_all": null,
            "timeouts": null,
            "vpc": true
          },
          "sensitive_attributes": [],
          "private": "eyJlMmJmYjczMC1lY2FhLTExZTYtOGY4OC0zNDM2M2JjN2M0YzAiOnsiZGVsZXRlIjoxODAwMDAwMDAwMDAsInJlYWQiOjkwMDAwMDAwMDAwMCwidXBkYXRlIjozMDAwMDAwMDAwMDB9fQ==",
          "dependencies": [
            "aws_internet_gateway.test-web-app",
            "aws_network_interface.test-web-app",
            "aws_security_group.allow-all-outbound",
            "aws_security_group.allow-ssh-traffic",
            "aws_security_group.allow-web-traffic",
            "aws_subnet.subnet-public-web-app",
            "aws_vpc.test-web-app"
          ]
        }
      ]
    },
    {
      "mode": "managed",
      "type": "aws_iam_instance_profile",
      "name": "jenkins",
      "provider": "provider[\"registry.terraform.io/hashicorp/aws\"]",
      "instances": [
        {
          "schema_version": 0,
          "attributes": {
            "arn": "arn:aws:iam::872380957844:instance-profile/jenkins",
            "create_date": "2022-06-11T23:54:09Z",
            "id": "jenkins",
            "name": "jenkins",
            "name_prefix": null,
            "path": "/",
            "role": "jenkins",
            "tags": null,
            "tags_all": {},
            "unique_id": "AIPA4WHPVASKHWQLW6EX5"
          },
          "sensitive_attributes": [],
          "private": "bnVsbA==",
          "dependencies": [
            "aws_iam_role.jenkins"
          ]
        }
      ]
    },
    {
      "mode": "managed",
      "type": "aws_iam_instance_profile",
      "name": "test-web-app",
      "provider": "provider[\"registry.terraform.io/hashicorp/aws\"]",
      "instances": [
        {
          "schema_version": 0,
          "attributes": {
            "arn": "arn:aws:iam::872380957844:instance-profile/test-web-app",
            "create_date": "2022-06-11T23:54:09Z",
            "id": "test-web-app",
            "name": "test-web-app",
            "name_prefix": null,
            "path": "/",
            "role": "test-web-app",
            "tags": null,
            "tags_all": {},
            "unique_id": "AIPA4WHPVASKFZEKQNALL"
          },
          "sensitive_attributes": [],
          "private": "bnVsbA==",
          "dependencies": [
            "aws_iam_role.test-web-app"
          ]
        }
      ]
    },
    {
      "mode": "managed",
      "type": "aws_iam_role",
      "name": "jenkins",
      "provider": "provider[\"registry.terraform.io/hashicorp/aws\"]",
      "instances": [
        {
          "schema_version": 0,
          "attributes": {
            "arn": "arn:aws:iam::872380957844:role/jenkins",
            "assume_role_policy": "{\"Version\":\"2012-10-17\",\"Statement\":[{\"Sid\":\"\",\"Effect\":\"Allow\",\"Principal\":{\"Service\":\"ec2.amazonaws.com\"},\"Action\":\"sts:AssumeRole\"}]}",
            "create_date": "2022-06-11T23:54:08Z",
            "description": "",
            "force_detach_policies": false,
            "id": "jenkins",
            "inline_policy": [
              {
                "name": "",
                "policy": ""
              }
            ],
            "managed_policy_arns": [],
            "max_session_duration": 3600,
            "name": "jenkins",
            "name_prefix": "",
            "path": "/",
            "permissions_boundary": null,
            "tags": null,
            "tags_all": {},
            "unique_id": "AROA4WHPVASKM5G7UKTV4"
          },
          "sensitive_attributes": [],
          "private": "bnVsbA=="
        }
      ]
    },
    {
      "mode": "managed",
      "type": "aws_iam_role",
      "name": "test-web-app",
      "provider": "provider[\"registry.terraform.io/hashicorp/aws\"]",
      "instances": [
        {
          "schema_version": 0,
          "attributes": {
            "arn": "arn:aws:iam::872380957844:role/test-web-app",
            "assume_role_policy": "{\"Version\":\"2012-10-17\",\"Statement\":[{\"Sid\":\"\",\"Effect\":\"Allow\",\"Principal\":{\"Service\":\"ec2.amazonaws.com\"},\"Action\":\"sts:AssumeRole\"}]}",
            "create_date": "2022-06-11T23:54:08Z",
            "description": "",
            "force_detach_policies": false,
            "id": "test-web-app",
            "inline_policy": [
              {
                "name": "",
                "policy": ""
              }
            ],
            "managed_policy_arns": [],
            "max_session_duration": 3600,
            "name": "test-web-app",
            "name_prefix": "",
            "path": "/",
            "permissions_boundary": null,
            "tags": null,
            "tags_all": {},
            "unique_id": "AROA4WHPVASKLYBLKYPQ4"
          },
          "sensitive_attributes": [],
          "private": "bnVsbA=="
        }
      ]
    },
    {
      "mode": "managed",
      "type": "aws_internet_gateway",
      "name": "test-web-app",
      "provider": "provider[\"registry.terraform.io/hashicorp/aws\"]",
      "instances": [
        {
          "schema_version": 0,
          "attributes": {
            "arn": "arn:aws:ec2:eu-central-1:872380957844:internet-gateway/igw-0256fbb32ec4bf838",
            "id": "igw-0256fbb32ec4bf838",
            "owner_id": "872380957844",
            "tags": null,
            "tags_all": {},
            "vpc_id": "vpc-0a24b4b5f02a7d18e"
          },
          "sensitive_attributes": [],
          "private": "bnVsbA==",
          "dependencies": [
            "aws_vpc.test-web-app"
          ]
        }
      ]
    },
    {
      "mode": "managed",
      "type": "aws_key_pair",
      "name": "app_final_key",
      "provider": "provider[\"registry.terraform.io/hashicorp/aws\"]",
      "instances": [
        {
          "schema_version": 1,
          "attributes": {
            "arn": "arn:aws:ec2:eu-central-1:872380957844:key-pair/final_key",
            "fingerprint": "e4:43:82:15:dd:90:3f:ee:b1:ac:af:91:c8:c2:52:e1",
            "id": "final_key",
            "key_name": "final_key",
            "key_name_prefix": "",
            "key_pair_id": "key-0f67f0b820fd2f37f",
            "public_key": "ssh-rsa AAAAB3NzaC1yc2EAAAADAQABAAACAQDfNHKGza+H/DzgmqXCByahTl1wrJvvpVZlFeAnCtlrAE0y/DFABGcqnw8dCIUo+ko8Fg8N2loghqs6jyI3oJkjAlQLxG23eQCKrUs/BRHHUTOmf3zczVlC8M7jQvzH9TsXuynFr0HcuQJf0qQ8PUcI0C25VmKpeCNNG+uZyWqgyw5GqLoqrxM2Z0NBkGTQEHn8S8hcw6+ag9NKOqeo7iIOHdiIMS+kjUAeHnkPPdYbpnDpzJk4+tVal/aF4vfEqgJXU/MB0+nxE3/qiyEP5E14Ck2qvBLdTH+aUmJ503QgHsCxJV54DLomo9SErkU+i97d6cijenEGTJKf95JT+GeEfMrqpKbY9N5uj5gewWwatnIYFaabAck9XdcbGDSpJIjXpZQN/tV6bb/tWqMJuaEZOLm/1EI6lOsJNTbet2IX1Z4iynthyzz2e2RoCLidbfcV2gzC4Hj+KiLWUkY+lOxbI5+qgcorwo8/uWIo6pJ66KZr97i3LamL31B7HECvwpSSJeXz3g0WMSVOQiDYOcPtXpRpJErdhycLGE9U8Pz8AGiinhEapSTqhluyC+/onAmse+nyHYbwaLmAUZCncNdJr6zMJW+ZZc+YQD7b+wNIr9/TxYSPr3XmexdZ8qHMdPu0EJYbvdtnLQpZHBoKFSrXXwRXuBypEjtiJieAvZnCZQ==",
            "tags": {
              "Name": "App final_key"
            },
            "tags_all": {
              "Name": "App final_key"
            }
          },
          "sensitive_attributes": [],
          "private": "eyJzY2hlbWFfdmVyc2lvbiI6IjEifQ==",
          "dependencies": [
            "tls_private_key.app_key"
          ]
        }
      ]
    },
    {
      "mode": "managed",
      "type": "aws_network_interface",
      "name": "jenkins",
      "provider": "provider[\"registry.terraform.io/hashicorp/aws\"]",
      "instances": [
        {
          "schema_version": 0,
          "attributes": {
            "arn": "arn:aws:ec2:eu-central-1:872380957844:network-interface/eni-0215c1afd38ab5901",
            "attachment": [],
            "description": "",
            "id": "eni-0215c1afd38ab5901",
            "interface_type": "interface",
            "ipv4_prefix_count": 0,
            "ipv4_prefixes": [],
            "ipv6_address_count": 0,
            "ipv6_address_list": [],
            "ipv6_address_list_enabled": false,
            "ipv6_addresses": [],
            "ipv6_prefix_count": 0,
            "ipv6_prefixes": [],
            "mac_address": "02:f0:1b:fa:87:9a",
            "outpost_arn": "",
            "owner_id": "872380957844",
            "private_dns_name": "ip-192-168-1-50.eu-central-1.compute.internal",
            "private_ip": "192.168.1.50",
            "private_ip_list": [
              "192.168.1.50"
            ],
            "private_ip_list_enabled": false,
            "private_ips": [
              "192.168.1.50"
            ],
            "private_ips_count": 0,
            "security_groups": [
              "sg-01a1f465b5406c75e",
              "sg-04dc3d60bc94fcd40",
              "sg-05c5db3c999097e37",
              "sg-0990985396f5063ff"
            ],
            "source_dest_check": true,
            "subnet_id": "subnet-0a1c979a3033b3922",
            "tags": null,
            "tags_all": {}
          },
          "sensitive_attributes": [],
          "private": "bnVsbA==",
          "dependencies": [
            "aws_security_group.allow-all-outbound",
            "aws_security_group.allow-jenkins-traffic",
            "aws_security_group.allow-ssh-traffic",
            "aws_security_group.allow-staging-traffic",
            "aws_subnet.subnet-public-jenkins",
            "aws_vpc.test-web-app"
          ]
        }
      ]
    },
    {
      "mode": "managed",
      "type": "aws_network_interface",
      "name": "test-web-app",
      "provider": "provider[\"registry.terraform.io/hashicorp/aws\"]",
      "instances": [
        {
          "schema_version": 0,
          "attributes": {
            "arn": "arn:aws:ec2:eu-central-1:872380957844:network-interface/eni-0c9e317b614fced62",
            "attachment": [],
            "description": "",
            "id": "eni-0c9e317b614fced62",
            "interface_type": "interface",
            "ipv4_prefix_count": 0,
            "ipv4_prefixes": [],
            "ipv6_address_count": 0,
            "ipv6_address_list": [],
            "ipv6_address_list_enabled": false,
            "ipv6_addresses": [],
            "ipv6_prefix_count": 0,
            "ipv6_prefixes": [],
            "mac_address": "02:6d:36:90:88:ee",
            "outpost_arn": "",
            "owner_id": "872380957844",
            "private_dns_name": "ip-192-168-2-50.eu-central-1.compute.internal",
            "private_ip": "192.168.2.50",
            "private_ip_list": [
              "192.168.2.50"
            ],
            "private_ip_list_enabled": false,
            "private_ips": [
              "192.168.2.50"
            ],
            "private_ips_count": 0,
            "security_groups": [
              "sg-01a1f465b5406c75e",
              "sg-0990985396f5063ff",
              "sg-0a11f17471d8a5c6e"
            ],
            "source_dest_check": true,
            "subnet_id": "subnet-058a93d2dfcdc5054",
            "tags": null,
            "tags_all": {}
          },
          "sensitive_attributes": [],
          "private": "bnVsbA==",
          "dependencies": [
            "aws_security_group.allow-all-outbound",
            "aws_security_group.allow-ssh-traffic",
            "aws_security_group.allow-web-traffic",
            "aws_subnet.subnet-public-web-app",
            "aws_vpc.test-web-app"
          ]
        }
      ]
    },
    {
      "mode": "managed",
      "type": "aws_route_table",
      "name": "allow-outgoing-access",
      "provider": "provider[\"registry.terraform.io/hashicorp/aws\"]",
      "instances": [
        {
          "schema_version": 0,
          "attributes": {
            "arn": "arn:aws:ec2:eu-central-1:872380957844:route-table/rtb-0f8b492ba863918de",
            "id": "rtb-0f8b492ba863918de",
            "owner_id": "872380957844",
            "propagating_vgws": [],
            "route": [
              {
                "carrier_gateway_id": "",
                "cidr_block": "0.0.0.0/0",
                "core_network_arn": "",
                "destination_prefix_list_id": "",
                "egress_only_gateway_id": "",
                "gateway_id": "igw-0256fbb32ec4bf838",
                "instance_id": "",
                "ipv6_cidr_block": "",
                "local_gateway_id": "",
                "nat_gateway_id": "",
                "network_interface_id": "",
                "transit_gateway_id": "",
                "vpc_endpoint_id": "",
                "vpc_peering_connection_id": ""
              }
            ],
            "tags": {
              "Name": "Final Project Route Table"
            },
            "tags_all": {
              "Name": "Final Project Route Table"
            },
            "timeouts": null,
            "vpc_id": "vpc-0a24b4b5f02a7d18e"
          },
          "sensitive_attributes": [],
          "private": "eyJlMmJmYjczMC1lY2FhLTExZTYtOGY4OC0zNDM2M2JjN2M0YzAiOnsiY3JlYXRlIjozMDAwMDAwMDAwMDAsImRlbGV0ZSI6MzAwMDAwMDAwMDAwLCJ1cGRhdGUiOjEyMDAwMDAwMDAwMH19",
          "dependencies": [
            "aws_internet_gateway.test-web-app",
            "aws_vpc.test-web-app"
          ]
        }
      ]
    },
    {
      "mode": "managed",
      "type": "aws_route_table_association",
      "name": "jenkins-subnet",
      "provider": "provider[\"registry.terraform.io/hashicorp/aws\"]",
      "instances": [
        {
          "schema_version": 0,
          "attributes": {
            "gateway_id": "",
            "id": "rtbassoc-0c76f48375958e9c2",
            "route_table_id": "rtb-0f8b492ba863918de",
            "subnet_id": "subnet-0a1c979a3033b3922"
          },
          "sensitive_attributes": [],
          "private": "bnVsbA==",
          "dependencies": [
            "aws_internet_gateway.test-web-app",
            "aws_route_table.allow-outgoing-access",
            "aws_subnet.subnet-public-jenkins",
            "aws_vpc.test-web-app"
          ]
        }
      ]
    },
    {
      "mode": "managed",
      "type": "aws_route_table_association",
      "name": "web-app-subnet",
      "provider": "provider[\"registry.terraform.io/hashicorp/aws\"]",
      "instances": [
        {
          "schema_version": 0,
          "attributes": {
            "gateway_id": "",
            "id": "rtbassoc-069698adb9cde8a07",
            "route_table_id": "rtb-0f8b492ba863918de",
            "subnet_id": "subnet-058a93d2dfcdc5054"
          },
          "sensitive_attributes": [],
          "private": "bnVsbA==",
          "dependencies": [
            "aws_internet_gateway.test-web-app",
            "aws_route_table.allow-outgoing-access",
            "aws_subnet.subnet-public-web-app",
            "aws_vpc.test-web-app"
          ]
        }
      ]
    },
    {
      "mode": "managed",
      "type": "aws_security_group",
      "name": "allow-all-outbound",
      "provider": "provider[\"registry.terraform.io/hashicorp/aws\"]",
      "instances": [
        {
          "schema_version": 1,
          "attributes": {
            "arn": "arn:aws:ec2:eu-central-1:872380957844:security-group/sg-0990985396f5063ff",
            "description": "Allow all outbound traffic",
            "egress": [
              {
                "cidr_blocks": [
                  "0.0.0.0/0"
                ],
                "description": "",
                "from_port": 0,
                "ipv6_cidr_blocks": [],
                "prefix_list_ids": [],
                "protocol": "-1",
                "security_groups": [],
                "self": false,
                "to_port": 0
              }
            ],
            "id": "sg-0990985396f5063ff",
            "ingress": [],
            "name": "allow-all-outbound",
            "name_prefix": "",
            "owner_id": "872380957844",
            "revoke_rules_on_delete": false,
            "tags": null,
            "tags_all": {},
            "timeouts": null,
            "vpc_id": "vpc-0a24b4b5f02a7d18e"
          },
          "sensitive_attributes": [],
          "private": "eyJlMmJmYjczMC1lY2FhLTExZTYtOGY4OC0zNDM2M2JjN2M0YzAiOnsiY3JlYXRlIjo2MDAwMDAwMDAwMDAsImRlbGV0ZSI6OTAwMDAwMDAwMDAwfSwic2NoZW1hX3ZlcnNpb24iOiIxIn0=",
          "dependencies": [
            "aws_vpc.test-web-app"
          ]
        }
      ]
    },
    {
      "mode": "managed",
      "type": "aws_security_group",
      "name": "allow-jenkins-traffic",
      "provider": "provider[\"registry.terraform.io/hashicorp/aws\"]",
      "instances": [
        {
          "schema_version": 1,
          "attributes": {
            "arn": "arn:aws:ec2:eu-central-1:872380957844:security-group/sg-05c5db3c999097e37",
            "description": "Allow jenkins inbound traffic",
            "egress": [],
            "id": "sg-05c5db3c999097e37",
            "ingress": [
              {
                "cidr_blocks": [
                  "0.0.0.0/0"
                ],
                "description": "Jenkins",
                "from_port": 8080,
                "ipv6_cidr_blocks": [],
                "prefix_list_ids": [],
                "protocol": "tcp",
                "security_groups": [],
                "self": false,
                "to_port": 8080
              }
            ],
            "name": "allow-jenkins-traffic",
            "name_prefix": "",
            "owner_id": "872380957844",
            "revoke_rules_on_delete": false,
            "tags": null,
            "tags_all": {},
            "timeouts": null,
            "vpc_id": "vpc-0a24b4b5f02a7d18e"
          },
          "sensitive_attributes": [],
          "private": "eyJlMmJmYjczMC1lY2FhLTExZTYtOGY4OC0zNDM2M2JjN2M0YzAiOnsiY3JlYXRlIjo2MDAwMDAwMDAwMDAsImRlbGV0ZSI6OTAwMDAwMDAwMDAwfSwic2NoZW1hX3ZlcnNpb24iOiIxIn0=",
          "dependencies": [
            "aws_vpc.test-web-app"
          ]
        }
      ]
    },
    {
      "mode": "managed",
      "type": "aws_security_group",
      "name": "allow-ssh-traffic",
      "provider": "provider[\"registry.terraform.io/hashicorp/aws\"]",
      "instances": [
        {
          "schema_version": 1,
          "attributes": {
            "arn": "arn:aws:ec2:eu-central-1:872380957844:security-group/sg-01a1f465b5406c75e",
            "description": "Allow SSH inbound traffic",
            "egress": [],
            "id": "sg-01a1f465b5406c75e",
            "ingress": [
              {
                "cidr_blocks": [
                  "0.0.0.0/0"
                ],
                "description": "SSH",
                "from_port": 22,
                "ipv6_cidr_blocks": [],
                "prefix_list_ids": [],
                "protocol": "tcp",
                "security_groups": [],
                "self": false,
                "to_port": 22
              }
            ],
            "name": "allow-ssh-traffic",
            "name_prefix": "",
            "owner_id": "872380957844",
            "revoke_rules_on_delete": false,
            "tags": null,
            "tags_all": {},
            "timeouts": null,
            "vpc_id": "vpc-0a24b4b5f02a7d18e"
          },
          "sensitive_attributes": [],
          "private": "eyJlMmJmYjczMC1lY2FhLTExZTYtOGY4OC0zNDM2M2JjN2M0YzAiOnsiY3JlYXRlIjo2MDAwMDAwMDAwMDAsImRlbGV0ZSI6OTAwMDAwMDAwMDAwfSwic2NoZW1hX3ZlcnNpb24iOiIxIn0=",
          "dependencies": [
            "aws_vpc.test-web-app"
          ]
        }
      ]
    },
    {
      "mode": "managed",
      "type": "aws_security_group",
      "name": "allow-staging-traffic",
      "provider": "provider[\"registry.terraform.io/hashicorp/aws\"]",
      "instances": [
        {
          "schema_version": 1,
          "attributes": {
            "arn": "arn:aws:ec2:eu-central-1:872380957844:security-group/sg-04dc3d60bc94fcd40",
            "description": "Allow Inbound traffic for security checks",
            "egress": [],
            "id": "sg-04dc3d60bc94fcd40",
            "ingress": [
              {
                "cidr_blocks": [
                  "0.0.0.0/0"
                ],
                "description": "Staging",
                "from_port": 8000,
                "ipv6_cidr_blocks": [],
                "prefix_list_ids": [],
                "protocol": "tcp",
                "security_groups": [],
                "self": false,
                "to_port": 8000
              }
            ],
            "name": "allow-stagin-traffic",
            "name_prefix": "",
            "owner_id": "872380957844",
            "revoke_rules_on_delete": false,
            "tags": null,
            "tags_all": {},
            "timeouts": null,
            "vpc_id": "vpc-0a24b4b5f02a7d18e"
          },
          "sensitive_attributes": [],
          "private": "eyJlMmJmYjczMC1lY2FhLTExZTYtOGY4OC0zNDM2M2JjN2M0YzAiOnsiY3JlYXRlIjo2MDAwMDAwMDAwMDAsImRlbGV0ZSI6OTAwMDAwMDAwMDAwfSwic2NoZW1hX3ZlcnNpb24iOiIxIn0=",
          "dependencies": [
            "aws_vpc.test-web-app"
          ]
        }
      ]
    },
    {
      "mode": "managed",
      "type": "aws_security_group",
      "name": "allow-web-traffic",
      "provider": "provider[\"registry.terraform.io/hashicorp/aws\"]",
      "instances": [
        {
          "schema_version": 1,
          "attributes": {
            "arn": "arn:aws:ec2:eu-central-1:872380957844:security-group/sg-0a11f17471d8a5c6e",
            "description": "Allow HTTP / HTTPS inbound traffic",
            "egress": [],
            "id": "sg-0a11f17471d8a5c6e",
            "ingress": [
              {
                "cidr_blocks": [
                  "0.0.0.0/0"
                ],
                "description": "HTTP",
                "from_port": 80,
                "ipv6_cidr_blocks": [],
                "prefix_list_ids": [],
                "protocol": "tcp",
                "security_groups": [],
                "self": false,
                "to_port": 80
              },
              {
                "cidr_blocks": [
                  "0.0.0.0/0"
                ],
                "description": "HTTPS",
                "from_port": 443,
                "ipv6_cidr_blocks": [],
                "prefix_list_ids": [],
                "protocol": "tcp",
                "security_groups": [],
                "self": false,
                "to_port": 443
              }
            ],
            "name": "allow-web-traffic",
            "name_prefix": "",
            "owner_id": "872380957844",
            "revoke_rules_on_delete": false,
            "tags": null,
            "tags_all": {},
            "timeouts": null,
            "vpc_id": "vpc-0a24b4b5f02a7d18e"
          },
          "sensitive_attributes": [],
          "private": "eyJlMmJmYjczMC1lY2FhLTExZTYtOGY4OC0zNDM2M2JjN2M0YzAiOnsiY3JlYXRlIjo2MDAwMDAwMDAwMDAsImRlbGV0ZSI6OTAwMDAwMDAwMDAwfSwic2NoZW1hX3ZlcnNpb24iOiIxIn0=",
          "dependencies": [
            "aws_vpc.test-web-app"
          ]
        }
      ]
    },
    {
      "mode": "managed",
      "type": "aws_subnet",
      "name": "subnet-public-jenkins",
      "provider": "provider[\"registry.terraform.io/hashicorp/aws\"]",
      "instances": [
        {
          "schema_version": 1,
          "attributes": {
            "arn": "arn:aws:ec2:eu-central-1:872380957844:subnet/subnet-0a1c979a3033b3922",
            "assign_ipv6_address_on_creation": false,
            "availability_zone": "eu-central-1a",
            "availability_zone_id": "euc1-az2",
            "cidr_block": "192.168.1.0/24",
            "customer_owned_ipv4_pool": "",
            "enable_dns64": false,
            "enable_resource_name_dns_a_record_on_launch": false,
            "enable_resource_name_dns_aaaa_record_on_launch": false,
            "id": "subnet-0a1c979a3033b3922",
            "ipv6_cidr_block": "",
            "ipv6_cidr_block_association_id": "",
            "ipv6_native": false,
            "map_customer_owned_ip_on_launch": false,
            "map_public_ip_on_launch": false,
            "outpost_arn": "",
            "owner_id": "872380957844",
            "private_dns_hostname_type_on_launch": "ip-name",
            "tags": {
              "Name": "Final Project Jenkins Subnet"
            },
            "tags_all": {
              "Name": "Final Project Jenkins Subnet"
            },
            "timeouts": null,
            "vpc_id": "vpc-0a24b4b5f02a7d18e"
          },
          "sensitive_attributes": [],
          "private": "eyJlMmJmYjczMC1lY2FhLTExZTYtOGY4OC0zNDM2M2JjN2M0YzAiOnsiY3JlYXRlIjo2MDAwMDAwMDAwMDAsImRlbGV0ZSI6MTIwMDAwMDAwMDAwMH0sInNjaGVtYV92ZXJzaW9uIjoiMSJ9",
          "dependencies": [
            "aws_vpc.test-web-app"
          ]
        }
      ]
    },
    {
      "mode": "managed",
      "type": "aws_subnet",
      "name": "subnet-public-web-app",
      "provider": "provider[\"registry.terraform.io/hashicorp/aws\"]",
      "instances": [
        {
          "schema_version": 1,
          "attributes": {
            "arn": "arn:aws:ec2:eu-central-1:872380957844:subnet/subnet-058a93d2dfcdc5054",
            "assign_ipv6_address_on_creation": false,
            "availability_zone": "eu-central-1a",
            "availability_zone_id": "euc1-az2",
            "cidr_block": "192.168.2.0/24",
            "customer_owned_ipv4_pool": "",
            "enable_dns64": false,
            "enable_resource_name_dns_a_record_on_launch": false,
            "enable_resource_name_dns_aaaa_record_on_launch": false,
            "id": "subnet-058a93d2dfcdc5054",
            "ipv6_cidr_block": "",
            "ipv6_cidr_block_association_id": "",
            "ipv6_native": false,
            "map_customer_owned_ip_on_launch": false,
            "map_public_ip_on_launch": false,
            "outpost_arn": "",
            "owner_id": "872380957844",
            "private_dns_hostname_type_on_launch": "ip-name",
            "tags": {
              "Name": "Final Project Web App Subnet"
            },
            "tags_all": {
              "Name": "Final Project Web App Subnet"
            },
            "timeouts": null,
            "vpc_id": "vpc-0a24b4b5f02a7d18e"
          },
          "sensitive_attributes": [],
          "private": "eyJlMmJmYjczMC1lY2FhLTExZTYtOGY4OC0zNDM2M2JjN2M0YzAiOnsiY3JlYXRlIjo2MDAwMDAwMDAwMDAsImRlbGV0ZSI6MTIwMDAwMDAwMDAwMH0sInNjaGVtYV92ZXJzaW9uIjoiMSJ9",
          "dependencies": [
            "aws_vpc.test-web-app"
          ]
        }
      ]
    },
    {
      "mode": "managed",
      "type": "aws_vpc",
      "name": "test-web-app",
      "provider": "provider[\"registry.terraform.io/hashicorp/aws\"]",
      "instances": [
        {
          "schema_version": 1,
          "attributes": {
            "arn": "arn:aws:ec2:eu-central-1:872380957844:vpc/vpc-0a24b4b5f02a7d18e",
            "assign_generated_ipv6_cidr_block": false,
            "cidr_block": "192.168.0.0/16",
            "default_network_acl_id": "acl-0c05ccf545496603a",
            "default_route_table_id": "rtb-06e236210b9593188",
            "default_security_group_id": "sg-0286e8dfd11fca1ea",
            "dhcp_options_id": "dopt-02fc99f262e9a42b4",
            "enable_classiclink": false,
            "enable_classiclink_dns_support": false,
            "enable_dns_hostnames": true,
            "enable_dns_support": true,
            "id": "vpc-0a24b4b5f02a7d18e",
            "instance_tenancy": "default",
            "ipv4_ipam_pool_id": null,
            "ipv4_netmask_length": null,
            "ipv6_association_id": "",
            "ipv6_cidr_block": "",
            "ipv6_cidr_block_network_border_group": "",
            "ipv6_ipam_pool_id": "",
            "ipv6_netmask_length": 0,
            "main_route_table_id": "rtb-06e236210b9593188",
            "owner_id": "872380957844",
            "tags": {
              "Name": "Final Project VPC"
            },
            "tags_all": {
              "Name": "Final Project VPC"
            }
          },
          "sensitive_attributes": [],
          "private": "eyJzY2hlbWFfdmVyc2lvbiI6IjEifQ=="
        }
      ]
    },
    {
      "mode": "managed",
      "type": "local_file",
      "name": "app_key",
      "provider": "provider[\"registry.terraform.io/hashicorp/local\"]",
      "instances": [
        {
          "schema_version": 0,
          "attributes": {
            "content": "-----BEGIN RSA PRIVATE KEY-----\nMIIJKQIBAAKCAgEA3zRyhs2vh/w84JqlwgcmoU5dcKyb76VWZRXgJwrZawBNMvwx\nQARnKp8PHQiFKPpKPBYPDdpaIIarOo8iN6CZIwJUC8Rtt3kAiq1LPwURx1Ezpn98\n3M1ZQvDO40L8x/U7F7spxa9B3LkCX9KkPD1HCNAtuVZiqXgjTRvrmclqoMsORqi6\nKq8TNmdDQZBk0BB5/EvIXMOvmoPTSjqnqO4iDh3YiDEvpI1AHh55Dz3WG6Zw6cyZ\nOPrVWpf2heL3xKoCV1PzAdPp8RN/6oshD+RNeApNqrwS3Ux/mlJiedN0IB7AsSVe\neAy6JqPUhK5FPove3enIo3pxBkySn/eSU/hnhHzK6qSm2PTebo+YHsFsGrZyGBWm\nmwHJPV3XGxg0qSSI16WUDf7Vem2/7VqjCbmhGTi5v9RCOpTrCTU23rdiF9WeIsp7\nYcs89ntkaAi4nW33FdoMwuB4/ioi1lJGPpTsWyOfqoHKK8KPP7liKOqSeuima/e4\nty2pi99QexxAr8KUkiXl894NFjElTkIg2DnD7V6UaSRK3YcnCxhPVPD8/ABoop4R\nGqUk6oZbsgvv6JwJrHvp8h2G8Gi5gFGQp3DXSa+szCVvmWXPmEA+2/sDSK/f08WE\nj6915nsXWfKhzHT7tBCWG73bZy0KWRwaChUq118EV7gcqRI7YiYngL2ZwmUCAwEA\nAQKCAgEA0mfrah3s0QC7FnNRvBTnmnl35eYg3Qh757B2a/dzOsW/AEfx2UoNQoVM\nRu8oL5e5cOjOah2ihjTMptgUxmFy2iiwt6MEVkcPdqqjWxXZS43FZbeaKb693TeJ\nn3wfNBN9EALT/tEWAg65KUE0psCQ/MLZx3Oib+SbSm3+aysOg+LGY19cly4Qq2Eu\naljGX8iYZXe+uYuSNtL702Z1c+5/VdVWsBPFuJWakonhTrfY5JnCqPLAoZD6nHrR\n3iY1sEMfD9lIIznzttjN5Xgfw45QZM85pa/DDK+3Pe9Ze0QUnM7AkH0Mj5hXxmL7\ny9NH3Q0XGxPtmgWrE+gM9BT58IQid2Qphq2KTELPSS4dDwPrpupG8i30M7b+XsDd\n8OCU7SccxCWW83yYYp2xF8tvR3MYkelrw7H/XHTkqepzm4rEDT2buPbjKe7jdcsg\nf58KI1rf5sAbod8+AVFiEiUv3KXG2miqTO61Rdh+Qx09WiJt6Dz4jbLXtLARUYHQ\nkVN87yZqQrErHXgePMwDyfRfI+y7Tf0wjAwQdWHa64qpKAnPjDDAh9gsoCyy6XHc\nrl9OVF38AAsdlKpWNBtRFKslxo6Pja9Z9RigiBhX+xpAqQNhw7GH3fXHRuc6Gmw8\nGakuqhi3OknQ7p3xeH5rIDaoone6DKF3tk/QMi9DA5wWdoGtcIECggEBAPTpRNpr\no1iCwVnIyAV7tNuhcp+4OTsD+246ZBsWTpkUzW8dJjmP+iGnxxIwtfcS9alpls/1\nhfuWVuAEJJfmCDMYNsjRxD/i9iibS6SZjagEx3CZlLiuX1bontll5mEufvMaddVR\n0q9MdK7ujQAjGtyo2fQLr791IUDiCZSbSxLfXdiSXZW2cAzwsW+ZlZfm6UOBPdxj\nKhbJuGziICh0rBglsl3J4xTF88RW4LeyOegEmg+89ped2OEpBzq+4J2uA5mcJ5zG\nS6C4fP4zsm10HFSoSJgewZ7v090fPbStUPsh70dEnzOzcIC/jdebDCoEwv8duLVl\nos+n45YsYbwoOYUCggEBAOlPlVfKv1eQh+XSM56gjkYQxRDcvB97EFZ7vD68i2Ip\nHm3L2D7iZJh5X6KbbhegnsesoPKeJ3ffj3VE3l8V27kC/v65XNOCl1RUfA+dFeCC\n6PWKwjSrwlo7HAwjh1kAKhH2A6Cr/nfClvJuo5p533C17OYURQmPXt3SsJTtBksQ\nykoUHSAGTh4i9coGXsX74mb0N9A3r9leBHcjHtEx2ggKnQpk9bajfDfhZ14xAxUI\ncvTD6tP69UmCl2Ef0GEKWgjsHxv3f52/qX9IHdaYP3VBGfQavtNgs4LhBHBXoUQR\nIDCybdAoMZ1r8Atx3z+vMDGnlAcAbYNxQkHadyoaS2ECggEAYmvQCLrS9QHu88b1\nYwa4wr6Z0sf079uE0mJS0nPfeDNc73dWYjGTAq1rGctLhRQwdzmAqufvRRDArtvb\nXNPLncTwVzm9VTM/W0g1WNuAivIIuB5wHtusYr+u/oytzYYi7E1I50YvldTy203w\nigqRg/WzSRjdMuK+T1XHJdpWjCoJi7weMckUNI8Rr1iYPmhEe6VXl9aeFnRQUil5\nZOimNDoJ+Rjl0fZPJSsIuam9DZmz0/lLW9jKTInxZtFIcPV6auPPI3io8djSGlHq\nNYRA0mCic8eAZf/ZM3aXlKFF9vZHM2vHUr6cypCwTuH3PHeXaXCnRvamPC8rDbGe\nQUAlBQKCAQEAkNS5ZY1TqFztL6qEJsWObEo+uw/7rCMt6jHXkq5ibCYQYKI49Bh/\nz/MQfhW0ivBHgLZWFyY8Y/qgyHBfBnHAOyJz/tY8nIQlwtDLTrn5+avqR3rCwgWZ\nmX+2Eob/ny0t8IZijBwY1Gk0YPxzjRJ4tTQKAm20yZF5l4QR3/Efhfu/R6sixV2E\nosqa/7Vioc6SJc0W1Kes/ueRKA/iMoSaz4EfKXOw4JauJtZC38LXIfhjvDPek4bn\nO6HYrQ8dwQ+3AnDpgufqDZgL9Rpkg3Fxey1VmiX8LaWK6gUbR03uqx1ieThaWOyK\nmCmIEuK2bocnCLv5dTs7wGvPcKfYb4dxIQKCAQB41SDwwaUaRINKwovVWmAlpnKh\njQ3C0n8DZkgq7gqnKAh86+JSZvM0ZwHTcsFEtJ1kW2uCS1wPbp/ftGPsYD18XI1n\nBVY36b3X34wPEogy8cjGR4RJ+6ob7rXyrATi14N0KLN8EsMHP8K+BUblO017dhN4\nCWkXkAIv/Uw80Pew1y+sYYHaEWvbFWhY7QY3VpugefbPxet1JStl2yS/juUsYIK8\nphcT6UDpklZeDXlWwYx1C5so6bsd4PEErf2Zu80GSSyZnrqqrUfH1FC/zj9+TE3/\nbHoUpilI0JbjDapmfAhKRcZDwCYYRFCPIKRDgqiRkZCj9nOz1w9H9/LUREsL\n-----END RSA PRIVATE KEY-----\n",
            "content_base64": null,
            "directory_permission": "0777",
            "file_permission": "0777",
            "filename": "App_final_key.pem",
            "id": "65420935d414244cf520fa11e10f33034de3bebd",
            "sensitive_content": null,
            "source": null
          },
          "sensitive_attributes": [
            [
              {
                "type": "get_attr",
                "value": "content"
              }
            ]
          ],
          "private": "bnVsbA==",
          "dependencies": [
            "tls_private_key.app_key"
          ]
        }
      ]
    },
    {
      "mode": "managed",
      "type": "local_file",
      "name": "jenkins_key",
      "provider": "provider[\"registry.terraform.io/hashicorp/local\"]",
      "instances": [
        {
          "schema_version": 0,
          "attributes": {
            "content": "-----BEGIN RSA PRIVATE KEY-----\nMIIJKgIBAAKCAgEA3ZgrfWHrUPOVl6QEa0HZ4nzw7ZSurS5bSAmznGhJmceMkqoL\nhRbrzG5dHcrTsCH9wDDhH3sG1GTGdBEUWB8FqtzwlM8XJPVkoN4mToI59C1CysfQ\nwpuNnDbpg0blINjlo73QdkOEcdoxVdjE/MFhj8J0BSfxMJDvfgU6+a6x01XVgD34\nV4wLRSIJfDMKXf3Aq88VZuEhanme88512YpNfbEgQWRlNjwle3n/Xol+Jpj24Ujx\nAwqgTWIadKSekSJm2RlVYiiOMK9Km0yKthoOG7SIH/kptM0NpvdAnk2TMGLsxGy+\nmWv+k9CX/OyMzu7M/WAg0BSIFLeCyzFSeWhCHFyyI49D6IXV+eKP224m93la9jqz\nNjyfQWCY9doA0F9DluBn8XkCU3LOi46zB3te1QsU51vG8FhwOyi55MgnO/hsds+n\nwxnVE9e7IQ09A92baq96CSGfh2+0JByArYXp07Cjet/HSQNDrsRzVNThWfymmeIw\nBwOpT6AvaFYbDuMXKkc6vJIl+oXqzl4wWh95Efpok4NdpG5Bs8rmG+W+RQiKHS64\nl+lygL72oi/OHZGFtBt346BA7DmEiHgspq7JQkq+VM8iWp5PbBAILTD9NkP8STzf\nZLqy5Fw+NmQgCWNkS5EblF+4om6ymle6ZTS2ERO7rOhirjWGze8hdQw5rMcCAwEA\nAQKCAgEAzawbUXi9DJnJUsHtSBAKx2jnxdumdR79olM+3gD9rznDg61Im/K2UTxu\nOOS0rloeR3AWwz1RDXmrqLbhhxjkDb6bncLI3IjXKWiHbX75g2UvBT+Ix9fRDBj7\ni9kVefNW0S+weNQZ7gJyoBdeXqquftwhC1gTSNx9LR51qqE2c8zLKQhbpAZbv4Lk\nAt7s1GhdmBnQ53g1p7nSisAqKgtv+SWZppgkSL5ym7SUDY7YA8MeAePNruECAFD5\n9SGF+3dOtloJId46e313ZcUZSgPM7HIXlnWQ/DsGXN5In6Wo49QtpfK4xXWzCEcn\nip2T481JfjLmwbsMww3A3A+fWQgnsqk9k3rih9DDpepS4f+nvJpPkaRE7ZujWI4Q\n7D64CCFT5WWagsl4RuvUZBJztwPwtkdqyFEUBX5mK8fWmNEibQhW0HrnCgWendM+\nTsccUkkjjKkMMTlkhG4Z9/t2Hn1FSUQpXYx48Sq11BNPiGSiaMRJMqR+oqsVMG2k\nM5DWXz5MasmMbGAnXqAho+gS+CMAxs+Qp5Q867FEcFmtAWZpQkKVfOWfDfWKoyL9\nmeby3wpP/a4+cWdBPknGA0jqzfzjjDVbxNeATnIAZCX6rcjHDZB2k+oIeChm16GK\nw+8QC8XfGSHYRIBxxIl40bUpZ+BVi04knFFX2YU1FfLEgZGtkoECggEBAPDcOe6G\nVs6Pe8IMOdMTjH/BfHioYGjUDAKp9oEmaJG7goTs8oNiGZlYHyE22NkOICoFBrgH\n9pgoUuMc8QhQgG7LaWFv/EJnyK2JgLHLd2vOkbF72lULYFujTjx1F2Q+q4NpEI0b\nrak0LY7khlrrsf9Bgp4bYjm/8ZmMyh4WW6uW0RzM/9ACY4PIspVb4BeVhsi8vNE7\nlhRot/ZXE05G+U483kBjUts+G41A/jPUVyxfmProPWWL0zaUd5HcgsxggRKate9g\n1jd+yz5m02UZy+tZZ5JBsIG3zbZlq16z97Khk/pjQDCUHpG1YffNL1Pa5gP6I+Q5\nnEYAo9Q4Za1xx5ECggEBAOuF7fgegcKKMG2cto3JRz5vOLpBCLLHEP+wS+2VX2WU\nTn80DeiQ/T7O7BITUJcjbf04r2IF9IoCIvcA5RrH+f+N7NlNn7LpGITuMkErPhMQ\nyJN+xVeSmKHEamG+vwqj37LdcuaVU/4Qp5HlWmtvxEbrSDI/aA9amOI8mMbmcsn2\nLyffh4rjxqbSlThlXntEhM/3h43Ey0YREafS+xwcCLGqsgxMZlnwngl0mw9MWx8j\njBOH4+LsBY4bKFIch9kcNE/b3QNBNuL01HCaHOz7LPhgd+kWMfAXn1/01dvooaIJ\nCdZhtMsjFH2IXA4h2Nx5JK7BvmPHYpWmvhRm6YjE8tcCggEBALCHqEoC2eKg1QK+\n9S6X2FTWWcURG0AZkgftzAaSQPf2p02HYKMcpkh2hrJQQZSsPrStZGRDKeARRdbB\nIoOGhOsvWLgaXJfK+xD9g35L8uXny256qOXF5cSkJzY2V4OYTxqMSZ4yWBB4dp+R\nLEu9DYNY30PELDTJUmjJAGYW2u8jJXZnZWJuLcOrt/+yC8cdR2Eeu4DanD+vFI2O\n+k5XxGcsQ3SLl3GqzoSzytvv2EhkdHoI9t7TIWWSYSRdqtviKxeYnpmorriTzKCa\nunsR8hw3NarDTHt2XGY/k99gJb4doJhWX/h6xwDiIMB++R4LhKQLlHy0IK5Jz8k9\n4H/DsZECggEAbJIRsBZIFOjlCDJ8yQGnMPXOfbWrD9bKVEPtzHjWQBpM0UCqxLHJ\nvCFhG7gBp5pygo+V8abzIod3nMux0VWsPg0ryMSKwMvJPMYdLoODmwBapfuDdyoh\n6DiGHcbzhDEk1uxUokzmKjF9PbkvpGUiYtrlLhyimKlX3rq2ZsIm2kj9VfEqJ3F2\nysI6fYPlOQfN/ZyKxWSZnBQUQnv0u/GEZHpel2LEr+NGxu8U58l4G/OkCADVoW7R\n5L9KKAf067Wfu8yLpotyhM79+2ZfvTLQeTLnM/DCVn5dPru7tiMYF3z5JvVlhVsH\ngBLS9MTPllrV+SVg4dgw7vGtn/QM5bp8gwKCAQEA6ml1HBJ3+cOUCY2eW5hxoZ2p\nHbN3cDcbUO3YdxuQIU334i30tCfZbgT0/FkaMmZEgINXyjrnEWyovB0UF/xO7NF9\nV9Fv54+6N+pgn8IcVYy7+a3an7OjV55tZpGKhAlX19hLcIVQXFtYMcPnfoIk2YAX\nJyeIrBh9eAe27kXXQQk5u3y3/lzLBUrPUvXU4SKRS3+jFrlKS3CpL1JJPrkjVODy\ntZvvbHZ/JpHPCaSdh/AKOLjuyQhvr0JTYvvaXv93eetBy+yDcM+paZB7oqHmbSe+\ntdaAzQnZV4SR9eZ/KTYej7Ee2iQm7X7sc2LpJ2sbozTjREXD3WgZ9ixWYUdLcw==\n-----END RSA PRIVATE KEY-----\n",
            "content_base64": null,
            "directory_permission": "0777",
            "file_permission": "0777",
            "filename": "Jenkins_final_key.pem",
            "id": "d76c67dd32a6e1760a1710788a753c0c073115db",
            "sensitive_content": null,
            "source": null
          },
          "sensitive_attributes": [
            [
              {
                "type": "get_attr",
                "value": "content"
              }
            ]
          ],
          "private": "bnVsbA==",
          "dependencies": [
            "tls_private_key.jenkins_key"
          ]
        }
      ]
    },
    {
      "mode": "managed",
      "type": "tls_private_key",
      "name": "app_key",
      "provider": "provider[\"registry.terraform.io/hashicorp/tls\"]",
      "instances": [
        {
          "schema_version": 0,
          "attributes": {
            "algorithm": "RSA",
            "ecdsa_curve": "P224",
            "id": "c4cd97cfdc849f3d5dd77bd5686e35a8c3ba2618",
            "private_key_openssh": "-----BEGIN OPENSSH PRIVATE KEY-----\nb3BlbnNzaC1rZXktdjEAAAAABG5vbmUAAAAEbm9uZQAAAAAAAAABAAACFwAAAAdz\nc2gtcnNhAAAAAwEAAQAAAgEA3zRyhs2vh/w84JqlwgcmoU5dcKyb76VWZRXgJwrZ\nawBNMvwxQARnKp8PHQiFKPpKPBYPDdpaIIarOo8iN6CZIwJUC8Rtt3kAiq1LPwUR\nx1Ezpn983M1ZQvDO40L8x/U7F7spxa9B3LkCX9KkPD1HCNAtuVZiqXgjTRvrmclq\noMsORqi6Kq8TNmdDQZBk0BB5/EvIXMOvmoPTSjqnqO4iDh3YiDEvpI1AHh55Dz3W\nG6Zw6cyZOPrVWpf2heL3xKoCV1PzAdPp8RN/6oshD+RNeApNqrwS3Ux/mlJiedN0\nIB7AsSVeeAy6JqPUhK5FPove3enIo3pxBkySn/eSU/hnhHzK6qSm2PTebo+YHsFs\nGrZyGBWmmwHJPV3XGxg0qSSI16WUDf7Vem2/7VqjCbmhGTi5v9RCOpTrCTU23rdi\nF9WeIsp7Ycs89ntkaAi4nW33FdoMwuB4/ioi1lJGPpTsWyOfqoHKK8KPP7liKOqS\neuima/e4ty2pi99QexxAr8KUkiXl894NFjElTkIg2DnD7V6UaSRK3YcnCxhPVPD8\n/ABoop4RGqUk6oZbsgvv6JwJrHvp8h2G8Gi5gFGQp3DXSa+szCVvmWXPmEA+2/sD\nSK/f08WEj6915nsXWfKhzHT7tBCWG73bZy0KWRwaChUq118EV7gcqRI7YiYngL2Z\nwmUAAAc4xP2UU8T9lFMAAAAHc3NoLXJzYQAAAgEA3zRyhs2vh/w84JqlwgcmoU5d\ncKyb76VWZRXgJwrZawBNMvwxQARnKp8PHQiFKPpKPBYPDdpaIIarOo8iN6CZIwJU\nC8Rtt3kAiq1LPwURx1Ezpn983M1ZQvDO40L8x/U7F7spxa9B3LkCX9KkPD1HCNAt\nuVZiqXgjTRvrmclqoMsORqi6Kq8TNmdDQZBk0BB5/EvIXMOvmoPTSjqnqO4iDh3Y\niDEvpI1AHh55Dz3WG6Zw6cyZOPrVWpf2heL3xKoCV1PzAdPp8RN/6oshD+RNeApN\nqrwS3Ux/mlJiedN0IB7AsSVeeAy6JqPUhK5FPove3enIo3pxBkySn/eSU/hnhHzK\n6qSm2PTebo+YHsFsGrZyGBWmmwHJPV3XGxg0qSSI16WUDf7Vem2/7VqjCbmhGTi5\nv9RCOpTrCTU23rdiF9WeIsp7Ycs89ntkaAi4nW33FdoMwuB4/ioi1lJGPpTsWyOf\nqoHKK8KPP7liKOqSeuima/e4ty2pi99QexxAr8KUkiXl894NFjElTkIg2DnD7V6U\naSRK3YcnCxhPVPD8/ABoop4RGqUk6oZbsgvv6JwJrHvp8h2G8Gi5gFGQp3DXSa+s\nzCVvmWXPmEA+2/sDSK/f08WEj6915nsXWfKhzHT7tBCWG73bZy0KWRwaChUq118E\nV7gcqRI7YiYngL2ZwmUAAAADAQABAAACAQDSZ+tqHezRALsWc1G8FOeaeXfl5iDd\nCHvnsHZr93M6xb8AR/HZSg1ChUxG7ygvl7lw6M5qHaKGNMym2BTGYXLaKLC3owRW\nRw92qqNbFdlLjcVlt5opvr3dN4mffB80E30QAtP+0RYCDrkpQTSmwJD8wtnHc6Jv\n5JtKbf5rKw6D4sZjX1yXLhCrYS5qWMZfyJhld765i5I20vvTZnVz7n9V1VawE8W4\nlZqSieFOt9jkmcKo8sChkPqcetHeJjWwQx8P2UgjOfO22M3leB/DjlBkzzmlr8MM\nr7c971l7RBSczsCQfQyPmFfGYvvL00fdDRcbE+2aBasT6Az0FPnwhCJ3ZCmGrYpM\nQs9JLh0PA+um6kbyLfQztv5ewN3w4JTtJxzEJZbzfJhinbEXy29HcxiR6WvDsf9c\ndOSp6nObisQNPZu49uMp7uN1yyB/nwojWt/mwBuh3z4BUWISJS/cpcbaaKpM7rVF\n2H5DHT1aIm3oPPiNste0sBFRgdCRU3zvJmpCsSsdeB48zAPJ9F8j7LtN/TCMDBB1\nYdrriqkoCc+MMMCH2CygLLLpcdyuX05UXfwACx2UqlY0G1EUqyXGjo+Nr1n1GKCI\nGFf7GkCpA2HDsYfd9cdG5zoabDwZqS6qGLc6SdDunfF4fmsgNqiid7oMoXe2T9Ay\nL0MDnBZ2ga1wgQAAAQB41SDwwaUaRINKwovVWmAlpnKhjQ3C0n8DZkgq7gqnKAh8\n6+JSZvM0ZwHTcsFEtJ1kW2uCS1wPbp/ftGPsYD18XI1nBVY36b3X34wPEogy8cjG\nR4RJ+6ob7rXyrATi14N0KLN8EsMHP8K+BUblO017dhN4CWkXkAIv/Uw80Pew1y+s\nYYHaEWvbFWhY7QY3VpugefbPxet1JStl2yS/juUsYIK8phcT6UDpklZeDXlWwYx1\nC5so6bsd4PEErf2Zu80GSSyZnrqqrUfH1FC/zj9+TE3/bHoUpilI0JbjDapmfAhK\nRcZDwCYYRFCPIKRDgqiRkZCj9nOz1w9H9/LUREsLAAABAQD06UTaa6NYgsFZyMgF\ne7TboXKfuDk7A/tuOmQbFk6ZFM1vHSY5j/ohp8cSMLX3EvWpaZbP9YX7llbgBCSX\n5ggzGDbI0cQ/4vYom0ukmY2oBMdwmZS4rl9W6J7ZZeZhLn7zGnXVUdKvTHSu7o0A\nIxrcqNn0C6+/dSFA4gmUm0sS313Ykl2VtnAM8LFvmZWX5ulDgT3cYyoWybhs4iAo\ndKwYJbJdyeMUxfPEVuC3sjnoBJoPvPaXndjhKQc6vuCdrgOZnCecxkuguHz+M7Jt\ndBxUqEiYHsGe79PdHz20rVD7Ie9HRJ8zs3CAv43XmwwqBML/Hbi1ZaLPp+OWLGG8\nKDmFAAABAQDpT5VXyr9XkIfl0jOeoI5GEMUQ3LwfexBWe7w+vItiKR5ty9g+4mSY\neV+im24XoJ7HrKDynid33491RN5fFdu5Av7+uVzTgpdUVHwPnRXgguj1isI0q8Ja\nOxwMI4dZACoR9gOgq/53wpbybqOaed9wtezmFEUJj17d0rCU7QZLEMpKFB0gBk4e\nIvXKBl7F++Jm9DfQN6/ZXgR3Ix7RMdoICp0KZPW2o3w34WdeMQMVCHL0w+rT+vVJ\ngpdhH9BhCloI7B8b93+dv6l/SB3WmD91QRn0Gr7TYLOC4QRwV6FEESAwsm3QKDGd\na/ALcd8/rzAxp5QHAG2DcUJB2ncqGkthAAAAAAEC\n-----END OPENSSH PRIVATE KEY-----\n",
            "private_key_pem": "-----BEGIN RSA PRIVATE KEY-----\nMIIJKQIBAAKCAgEA3zRyhs2vh/w84JqlwgcmoU5dcKyb76VWZRXgJwrZawBNMvwx\nQARnKp8PHQiFKPpKPBYPDdpaIIarOo8iN6CZIwJUC8Rtt3kAiq1LPwURx1Ezpn98\n3M1ZQvDO40L8x/U7F7spxa9B3LkCX9KkPD1HCNAtuVZiqXgjTRvrmclqoMsORqi6\nKq8TNmdDQZBk0BB5/EvIXMOvmoPTSjqnqO4iDh3YiDEvpI1AHh55Dz3WG6Zw6cyZ\nOPrVWpf2heL3xKoCV1PzAdPp8RN/6oshD+RNeApNqrwS3Ux/mlJiedN0IB7AsSVe\neAy6JqPUhK5FPove3enIo3pxBkySn/eSU/hnhHzK6qSm2PTebo+YHsFsGrZyGBWm\nmwHJPV3XGxg0qSSI16WUDf7Vem2/7VqjCbmhGTi5v9RCOpTrCTU23rdiF9WeIsp7\nYcs89ntkaAi4nW33FdoMwuB4/ioi1lJGPpTsWyOfqoHKK8KPP7liKOqSeuima/e4\nty2pi99QexxAr8KUkiXl894NFjElTkIg2DnD7V6UaSRK3YcnCxhPVPD8/ABoop4R\nGqUk6oZbsgvv6JwJrHvp8h2G8Gi5gFGQp3DXSa+szCVvmWXPmEA+2/sDSK/f08WE\nj6915nsXWfKhzHT7tBCWG73bZy0KWRwaChUq118EV7gcqRI7YiYngL2ZwmUCAwEA\nAQKCAgEA0mfrah3s0QC7FnNRvBTnmnl35eYg3Qh757B2a/dzOsW/AEfx2UoNQoVM\nRu8oL5e5cOjOah2ihjTMptgUxmFy2iiwt6MEVkcPdqqjWxXZS43FZbeaKb693TeJ\nn3wfNBN9EALT/tEWAg65KUE0psCQ/MLZx3Oib+SbSm3+aysOg+LGY19cly4Qq2Eu\naljGX8iYZXe+uYuSNtL702Z1c+5/VdVWsBPFuJWakonhTrfY5JnCqPLAoZD6nHrR\n3iY1sEMfD9lIIznzttjN5Xgfw45QZM85pa/DDK+3Pe9Ze0QUnM7AkH0Mj5hXxmL7\ny9NH3Q0XGxPtmgWrE+gM9BT58IQid2Qphq2KTELPSS4dDwPrpupG8i30M7b+XsDd\n8OCU7SccxCWW83yYYp2xF8tvR3MYkelrw7H/XHTkqepzm4rEDT2buPbjKe7jdcsg\nf58KI1rf5sAbod8+AVFiEiUv3KXG2miqTO61Rdh+Qx09WiJt6Dz4jbLXtLARUYHQ\nkVN87yZqQrErHXgePMwDyfRfI+y7Tf0wjAwQdWHa64qpKAnPjDDAh9gsoCyy6XHc\nrl9OVF38AAsdlKpWNBtRFKslxo6Pja9Z9RigiBhX+xpAqQNhw7GH3fXHRuc6Gmw8\nGakuqhi3OknQ7p3xeH5rIDaoone6DKF3tk/QMi9DA5wWdoGtcIECggEBAPTpRNpr\no1iCwVnIyAV7tNuhcp+4OTsD+246ZBsWTpkUzW8dJjmP+iGnxxIwtfcS9alpls/1\nhfuWVuAEJJfmCDMYNsjRxD/i9iibS6SZjagEx3CZlLiuX1bontll5mEufvMaddVR\n0q9MdK7ujQAjGtyo2fQLr791IUDiCZSbSxLfXdiSXZW2cAzwsW+ZlZfm6UOBPdxj\nKhbJuGziICh0rBglsl3J4xTF88RW4LeyOegEmg+89ped2OEpBzq+4J2uA5mcJ5zG\nS6C4fP4zsm10HFSoSJgewZ7v090fPbStUPsh70dEnzOzcIC/jdebDCoEwv8duLVl\nos+n45YsYbwoOYUCggEBAOlPlVfKv1eQh+XSM56gjkYQxRDcvB97EFZ7vD68i2Ip\nHm3L2D7iZJh5X6KbbhegnsesoPKeJ3ffj3VE3l8V27kC/v65XNOCl1RUfA+dFeCC\n6PWKwjSrwlo7HAwjh1kAKhH2A6Cr/nfClvJuo5p533C17OYURQmPXt3SsJTtBksQ\nykoUHSAGTh4i9coGXsX74mb0N9A3r9leBHcjHtEx2ggKnQpk9bajfDfhZ14xAxUI\ncvTD6tP69UmCl2Ef0GEKWgjsHxv3f52/qX9IHdaYP3VBGfQavtNgs4LhBHBXoUQR\nIDCybdAoMZ1r8Atx3z+vMDGnlAcAbYNxQkHadyoaS2ECggEAYmvQCLrS9QHu88b1\nYwa4wr6Z0sf079uE0mJS0nPfeDNc73dWYjGTAq1rGctLhRQwdzmAqufvRRDArtvb\nXNPLncTwVzm9VTM/W0g1WNuAivIIuB5wHtusYr+u/oytzYYi7E1I50YvldTy203w\nigqRg/WzSRjdMuK+T1XHJdpWjCoJi7weMckUNI8Rr1iYPmhEe6VXl9aeFnRQUil5\nZOimNDoJ+Rjl0fZPJSsIuam9DZmz0/lLW9jKTInxZtFIcPV6auPPI3io8djSGlHq\nNYRA0mCic8eAZf/ZM3aXlKFF9vZHM2vHUr6cypCwTuH3PHeXaXCnRvamPC8rDbGe\nQUAlBQKCAQEAkNS5ZY1TqFztL6qEJsWObEo+uw/7rCMt6jHXkq5ibCYQYKI49Bh/\nz/MQfhW0ivBHgLZWFyY8Y/qgyHBfBnHAOyJz/tY8nIQlwtDLTrn5+avqR3rCwgWZ\nmX+2Eob/ny0t8IZijBwY1Gk0YPxzjRJ4tTQKAm20yZF5l4QR3/Efhfu/R6sixV2E\nosqa/7Vioc6SJc0W1Kes/ueRKA/iMoSaz4EfKXOw4JauJtZC38LXIfhjvDPek4bn\nO6HYrQ8dwQ+3AnDpgufqDZgL9Rpkg3Fxey1VmiX8LaWK6gUbR03uqx1ieThaWOyK\nmCmIEuK2bocnCLv5dTs7wGvPcKfYb4dxIQKCAQB41SDwwaUaRINKwovVWmAlpnKh\njQ3C0n8DZkgq7gqnKAh86+JSZvM0ZwHTcsFEtJ1kW2uCS1wPbp/ftGPsYD18XI1n\nBVY36b3X34wPEogy8cjGR4RJ+6ob7rXyrATi14N0KLN8EsMHP8K+BUblO017dhN4\nCWkXkAIv/Uw80Pew1y+sYYHaEWvbFWhY7QY3VpugefbPxet1JStl2yS/juUsYIK8\nphcT6UDpklZeDXlWwYx1C5so6bsd4PEErf2Zu80GSSyZnrqqrUfH1FC/zj9+TE3/\nbHoUpilI0JbjDapmfAhKRcZDwCYYRFCPIKRDgqiRkZCj9nOz1w9H9/LUREsL\n-----END RSA PRIVATE KEY-----\n",
            "public_key_fingerprint_md5": "7c:89:20:08:e4:c1:3a:95:05:94:20:f4:59:13:f3:1d",
            "public_key_fingerprint_sha256": "SHA256:nOOkFQQ6ZmKdbaCtLIAUpq9sxK39MVwF/y8zDzpz3z0",
            "public_key_openssh": "ssh-rsa AAAAB3NzaC1yc2EAAAADAQABAAACAQDfNHKGza+H/DzgmqXCByahTl1wrJvvpVZlFeAnCtlrAE0y/DFABGcqnw8dCIUo+ko8Fg8N2loghqs6jyI3oJkjAlQLxG23eQCKrUs/BRHHUTOmf3zczVlC8M7jQvzH9TsXuynFr0HcuQJf0qQ8PUcI0C25VmKpeCNNG+uZyWqgyw5GqLoqrxM2Z0NBkGTQEHn8S8hcw6+ag9NKOqeo7iIOHdiIMS+kjUAeHnkPPdYbpnDpzJk4+tVal/aF4vfEqgJXU/MB0+nxE3/qiyEP5E14Ck2qvBLdTH+aUmJ503QgHsCxJV54DLomo9SErkU+i97d6cijenEGTJKf95JT+GeEfMrqpKbY9N5uj5gewWwatnIYFaabAck9XdcbGDSpJIjXpZQN/tV6bb/tWqMJuaEZOLm/1EI6lOsJNTbet2IX1Z4iynthyzz2e2RoCLidbfcV2gzC4Hj+KiLWUkY+lOxbI5+qgcorwo8/uWIo6pJ66KZr97i3LamL31B7HECvwpSSJeXz3g0WMSVOQiDYOcPtXpRpJErdhycLGE9U8Pz8AGiinhEapSTqhluyC+/onAmse+nyHYbwaLmAUZCncNdJr6zMJW+ZZc+YQD7b+wNIr9/TxYSPr3XmexdZ8qHMdPu0EJYbvdtnLQpZHBoKFSrXXwRXuBypEjtiJieAvZnCZQ==\n",
            "public_key_pem": "-----BEGIN PUBLIC KEY-----\nMIICIjANBgkqhkiG9w0BAQEFAAOCAg8AMIICCgKCAgEA3zRyhs2vh/w84Jqlwgcm\noU5dcKyb76VWZRXgJwrZawBNMvwxQARnKp8PHQiFKPpKPBYPDdpaIIarOo8iN6CZ\nIwJUC8Rtt3kAiq1LPwURx1Ezpn983M1ZQvDO40L8x/U7F7spxa9B3LkCX9KkPD1H\nCNAtuVZiqXgjTRvrmclqoMsORqi6Kq8TNmdDQZBk0BB5/EvIXMOvmoPTSjqnqO4i\nDh3YiDEvpI1AHh55Dz3WG6Zw6cyZOPrVWpf2heL3xKoCV1PzAdPp8RN/6oshD+RN\neApNqrwS3Ux/mlJiedN0IB7AsSVeeAy6JqPUhK5FPove3enIo3pxBkySn/eSU/hn\nhHzK6qSm2PTebo+YHsFsGrZyGBWmmwHJPV3XGxg0qSSI16WUDf7Vem2/7VqjCbmh\nGTi5v9RCOpTrCTU23rdiF9WeIsp7Ycs89ntkaAi4nW33FdoMwuB4/ioi1lJGPpTs\nWyOfqoHKK8KPP7liKOqSeuima/e4ty2pi99QexxAr8KUkiXl894NFjElTkIg2DnD\n7V6UaSRK3YcnCxhPVPD8/ABoop4RGqUk6oZbsgvv6JwJrHvp8h2G8Gi5gFGQp3DX\nSa+szCVvmWXPmEA+2/sDSK/f08WEj6915nsXWfKhzHT7tBCWG73bZy0KWRwaChUq\n118EV7gcqRI7YiYngL2ZwmUCAwEAAQ==\n-----END PUBLIC KEY-----\n",
            "rsa_bits": 4096
          },
          "sensitive_attributes": [],
          "private": "bnVsbA=="
        }
      ]
    },
    {
      "mode": "managed",
      "type": "tls_private_key",
      "name": "jenkins_key",
      "provider": "provider[\"registry.terraform.io/hashicorp/tls\"]",
      "instances": [
        {
          "schema_version": 0,
          "attributes": {
            "algorithm": "RSA",
            "ecdsa_curve": "P224",
            "id": "547728eab481423d5b3bf0a2e7535b615edbfe20",
            "private_key_openssh": "-----BEGIN OPENSSH PRIVATE KEY-----\nb3BlbnNzaC1rZXktdjEAAAAABG5vbmUAAAAEbm9uZQAAAAAAAAABAAACFwAAAAdz\nc2gtcnNhAAAAAwEAAQAAAgEA3ZgrfWHrUPOVl6QEa0HZ4nzw7ZSurS5bSAmznGhJ\nmceMkqoLhRbrzG5dHcrTsCH9wDDhH3sG1GTGdBEUWB8FqtzwlM8XJPVkoN4mToI5\n9C1CysfQwpuNnDbpg0blINjlo73QdkOEcdoxVdjE/MFhj8J0BSfxMJDvfgU6+a6x\n01XVgD34V4wLRSIJfDMKXf3Aq88VZuEhanme88512YpNfbEgQWRlNjwle3n/Xol+\nJpj24UjxAwqgTWIadKSekSJm2RlVYiiOMK9Km0yKthoOG7SIH/kptM0NpvdAnk2T\nMGLsxGy+mWv+k9CX/OyMzu7M/WAg0BSIFLeCyzFSeWhCHFyyI49D6IXV+eKP224m\n93la9jqzNjyfQWCY9doA0F9DluBn8XkCU3LOi46zB3te1QsU51vG8FhwOyi55Mgn\nO/hsds+nwxnVE9e7IQ09A92baq96CSGfh2+0JByArYXp07Cjet/HSQNDrsRzVNTh\nWfymmeIwBwOpT6AvaFYbDuMXKkc6vJIl+oXqzl4wWh95Efpok4NdpG5Bs8rmG+W+\nRQiKHS64l+lygL72oi/OHZGFtBt346BA7DmEiHgspq7JQkq+VM8iWp5PbBAILTD9\nNkP8STzfZLqy5Fw+NmQgCWNkS5EblF+4om6ymle6ZTS2ERO7rOhirjWGze8hdQw5\nrMcAAAc4O+ZS8zvmUvMAAAAHc3NoLXJzYQAAAgEA3ZgrfWHrUPOVl6QEa0HZ4nzw\n7ZSurS5bSAmznGhJmceMkqoLhRbrzG5dHcrTsCH9wDDhH3sG1GTGdBEUWB8Fqtzw\nlM8XJPVkoN4mToI59C1CysfQwpuNnDbpg0blINjlo73QdkOEcdoxVdjE/MFhj8J0\nBSfxMJDvfgU6+a6x01XVgD34V4wLRSIJfDMKXf3Aq88VZuEhanme88512YpNfbEg\nQWRlNjwle3n/Xol+Jpj24UjxAwqgTWIadKSekSJm2RlVYiiOMK9Km0yKthoOG7SI\nH/kptM0NpvdAnk2TMGLsxGy+mWv+k9CX/OyMzu7M/WAg0BSIFLeCyzFSeWhCHFyy\nI49D6IXV+eKP224m93la9jqzNjyfQWCY9doA0F9DluBn8XkCU3LOi46zB3te1QsU\n51vG8FhwOyi55MgnO/hsds+nwxnVE9e7IQ09A92baq96CSGfh2+0JByArYXp07Cj\net/HSQNDrsRzVNThWfymmeIwBwOpT6AvaFYbDuMXKkc6vJIl+oXqzl4wWh95Efpo\nk4NdpG5Bs8rmG+W+RQiKHS64l+lygL72oi/OHZGFtBt346BA7DmEiHgspq7JQkq+\nVM8iWp5PbBAILTD9NkP8STzfZLqy5Fw+NmQgCWNkS5EblF+4om6ymle6ZTS2ERO7\nrOhirjWGze8hdQw5rMcAAAADAQABAAACAQDNrBtReL0MmclSwe1IEArHaOfF26Z1\nHv2iUz7eAP2vOcODrUib8rZRPG445LSuWh5HcBbDPVENeauotuGHGOQNvpudwsjc\niNcpaIdtfvmDZS8FP4jH19EMGPuL2RV581bRL7B41BnuAnKgF15eqq5+3CELWBNI\n3H0tHnWqoTZzzMspCFukBlu/guQC3uzUaF2YGdDneDWnudKKwCoqC2/5JZmmmCRI\nvnKbtJQNjtgDwx4B482u4QIAUPn1IYX7d062Wgkh3jp7fXdlxRlKA8zscheWdZD8\nOwZc3kifpajj1C2l8rjFdbMIRyeKnZPjzUl+MubBuwzDDcDcD59ZCCeyqT2TeuKH\n0MOl6lLh/6e8mk+RpETtm6NYjhDsPrgIIVPlZZqCyXhG69RkEnO3A/C2R2rIURQF\nfmYrx9aY0SJtCFbQeucKBZ6d0z5OxxxSSSOMqQwxOWSEbhn3+3YefUVJRCldjHjx\nKrXUE0+IZKJoxEkypH6iqxUwbaQzkNZfPkxqyYxsYCdeoCGj6BL4IwDGz5CnlDzr\nsURwWa0BZmlCQpV85Z8N9YqjIv2Z5vLfCk/9rj5xZ0E+ScYDSOrN/OOMNVvE14BO\ncgBkJfqtyMcNkHaT6gh4KGbXoYrD7xALxd8ZIdhEgHHEiXjRtSln4FWLTiScUVfZ\nhTUV8sSBka2SgQAAAQEA6ml1HBJ3+cOUCY2eW5hxoZ2pHbN3cDcbUO3YdxuQIU33\n4i30tCfZbgT0/FkaMmZEgINXyjrnEWyovB0UF/xO7NF9V9Fv54+6N+pgn8IcVYy7\n+a3an7OjV55tZpGKhAlX19hLcIVQXFtYMcPnfoIk2YAXJyeIrBh9eAe27kXXQQk5\nu3y3/lzLBUrPUvXU4SKRS3+jFrlKS3CpL1JJPrkjVODytZvvbHZ/JpHPCaSdh/AK\nOLjuyQhvr0JTYvvaXv93eetBy+yDcM+paZB7oqHmbSe+tdaAzQnZV4SR9eZ/KTYe\nj7Ee2iQm7X7sc2LpJ2sbozTjREXD3WgZ9ixWYUdLcwAAAQEA8Nw57oZWzo97wgw5\n0xOMf8F8eKhgaNQMAqn2gSZokbuChOzyg2IZmVgfITbY2Q4gKgUGuAf2mChS4xzx\nCFCAbstpYW/8QmfIrYmAsct3a86RsXvaVQtgW6NOPHUXZD6rg2kQjRutqTQtjuSG\nWuux/0GCnhtiOb/xmYzKHhZbq5bRHMz/0AJjg8iylVvgF5WGyLy80TuWFGi39lcT\nTkb5TjzeQGNS2z4bjUD+M9RXLF+Y+ug9ZYvTNpR3kdyCzGCBEpq172DWN37LPmbT\nZRnL61lnkkGwgbfNtmWrXrP3sqGT+mNAMJQekbVh980vU9rmA/oj5DmcRgCj1Dhl\nrXHHkQAAAQEA64Xt+B6BwoowbZy2jclHPm84ukEIsscQ/7BL7ZVfZZROfzQN6JD9\nPs7sEhNQlyNt/TivYgX0igIi9wDlGsf5/43s2U2fsukYhO4yQSs+ExDIk37FV5KY\nocRqYb6/CqPfst1y5pVT/hCnkeVaa2/ERutIMj9oD1qY4jyYxuZyyfYvJ9+HiuPG\nptKVOGVee0SEz/eHjcTLRhERp9L7HBwIsaqyDExmWfCeCXSbD0xbHyOME4fj4uwF\njhsoUhyH2Rw0T9vdA0E24vTUcJoc7Pss+GB36RYx8BefX/TV2+ihogkJ1mG0yyMU\nfYhcDiHY3HkkrsG+Y8dilaa+FGbpiMTy1wAAAAAB\n-----END OPENSSH PRIVATE KEY-----\n",
            "private_key_pem": "-----BEGIN RSA PRIVATE KEY-----\nMIIJKgIBAAKCAgEA3ZgrfWHrUPOVl6QEa0HZ4nzw7ZSurS5bSAmznGhJmceMkqoL\nhRbrzG5dHcrTsCH9wDDhH3sG1GTGdBEUWB8FqtzwlM8XJPVkoN4mToI59C1CysfQ\nwpuNnDbpg0blINjlo73QdkOEcdoxVdjE/MFhj8J0BSfxMJDvfgU6+a6x01XVgD34\nV4wLRSIJfDMKXf3Aq88VZuEhanme88512YpNfbEgQWRlNjwle3n/Xol+Jpj24Ujx\nAwqgTWIadKSekSJm2RlVYiiOMK9Km0yKthoOG7SIH/kptM0NpvdAnk2TMGLsxGy+\nmWv+k9CX/OyMzu7M/WAg0BSIFLeCyzFSeWhCHFyyI49D6IXV+eKP224m93la9jqz\nNjyfQWCY9doA0F9DluBn8XkCU3LOi46zB3te1QsU51vG8FhwOyi55MgnO/hsds+n\nwxnVE9e7IQ09A92baq96CSGfh2+0JByArYXp07Cjet/HSQNDrsRzVNThWfymmeIw\nBwOpT6AvaFYbDuMXKkc6vJIl+oXqzl4wWh95Efpok4NdpG5Bs8rmG+W+RQiKHS64\nl+lygL72oi/OHZGFtBt346BA7DmEiHgspq7JQkq+VM8iWp5PbBAILTD9NkP8STzf\nZLqy5Fw+NmQgCWNkS5EblF+4om6ymle6ZTS2ERO7rOhirjWGze8hdQw5rMcCAwEA\nAQKCAgEAzawbUXi9DJnJUsHtSBAKx2jnxdumdR79olM+3gD9rznDg61Im/K2UTxu\nOOS0rloeR3AWwz1RDXmrqLbhhxjkDb6bncLI3IjXKWiHbX75g2UvBT+Ix9fRDBj7\ni9kVefNW0S+weNQZ7gJyoBdeXqquftwhC1gTSNx9LR51qqE2c8zLKQhbpAZbv4Lk\nAt7s1GhdmBnQ53g1p7nSisAqKgtv+SWZppgkSL5ym7SUDY7YA8MeAePNruECAFD5\n9SGF+3dOtloJId46e313ZcUZSgPM7HIXlnWQ/DsGXN5In6Wo49QtpfK4xXWzCEcn\nip2T481JfjLmwbsMww3A3A+fWQgnsqk9k3rih9DDpepS4f+nvJpPkaRE7ZujWI4Q\n7D64CCFT5WWagsl4RuvUZBJztwPwtkdqyFEUBX5mK8fWmNEibQhW0HrnCgWendM+\nTsccUkkjjKkMMTlkhG4Z9/t2Hn1FSUQpXYx48Sq11BNPiGSiaMRJMqR+oqsVMG2k\nM5DWXz5MasmMbGAnXqAho+gS+CMAxs+Qp5Q867FEcFmtAWZpQkKVfOWfDfWKoyL9\nmeby3wpP/a4+cWdBPknGA0jqzfzjjDVbxNeATnIAZCX6rcjHDZB2k+oIeChm16GK\nw+8QC8XfGSHYRIBxxIl40bUpZ+BVi04knFFX2YU1FfLEgZGtkoECggEBAPDcOe6G\nVs6Pe8IMOdMTjH/BfHioYGjUDAKp9oEmaJG7goTs8oNiGZlYHyE22NkOICoFBrgH\n9pgoUuMc8QhQgG7LaWFv/EJnyK2JgLHLd2vOkbF72lULYFujTjx1F2Q+q4NpEI0b\nrak0LY7khlrrsf9Bgp4bYjm/8ZmMyh4WW6uW0RzM/9ACY4PIspVb4BeVhsi8vNE7\nlhRot/ZXE05G+U483kBjUts+G41A/jPUVyxfmProPWWL0zaUd5HcgsxggRKate9g\n1jd+yz5m02UZy+tZZ5JBsIG3zbZlq16z97Khk/pjQDCUHpG1YffNL1Pa5gP6I+Q5\nnEYAo9Q4Za1xx5ECggEBAOuF7fgegcKKMG2cto3JRz5vOLpBCLLHEP+wS+2VX2WU\nTn80DeiQ/T7O7BITUJcjbf04r2IF9IoCIvcA5RrH+f+N7NlNn7LpGITuMkErPhMQ\nyJN+xVeSmKHEamG+vwqj37LdcuaVU/4Qp5HlWmtvxEbrSDI/aA9amOI8mMbmcsn2\nLyffh4rjxqbSlThlXntEhM/3h43Ey0YREafS+xwcCLGqsgxMZlnwngl0mw9MWx8j\njBOH4+LsBY4bKFIch9kcNE/b3QNBNuL01HCaHOz7LPhgd+kWMfAXn1/01dvooaIJ\nCdZhtMsjFH2IXA4h2Nx5JK7BvmPHYpWmvhRm6YjE8tcCggEBALCHqEoC2eKg1QK+\n9S6X2FTWWcURG0AZkgftzAaSQPf2p02HYKMcpkh2hrJQQZSsPrStZGRDKeARRdbB\nIoOGhOsvWLgaXJfK+xD9g35L8uXny256qOXF5cSkJzY2V4OYTxqMSZ4yWBB4dp+R\nLEu9DYNY30PELDTJUmjJAGYW2u8jJXZnZWJuLcOrt/+yC8cdR2Eeu4DanD+vFI2O\n+k5XxGcsQ3SLl3GqzoSzytvv2EhkdHoI9t7TIWWSYSRdqtviKxeYnpmorriTzKCa\nunsR8hw3NarDTHt2XGY/k99gJb4doJhWX/h6xwDiIMB++R4LhKQLlHy0IK5Jz8k9\n4H/DsZECggEAbJIRsBZIFOjlCDJ8yQGnMPXOfbWrD9bKVEPtzHjWQBpM0UCqxLHJ\nvCFhG7gBp5pygo+V8abzIod3nMux0VWsPg0ryMSKwMvJPMYdLoODmwBapfuDdyoh\n6DiGHcbzhDEk1uxUokzmKjF9PbkvpGUiYtrlLhyimKlX3rq2ZsIm2kj9VfEqJ3F2\nysI6fYPlOQfN/ZyKxWSZnBQUQnv0u/GEZHpel2LEr+NGxu8U58l4G/OkCADVoW7R\n5L9KKAf067Wfu8yLpotyhM79+2ZfvTLQeTLnM/DCVn5dPru7tiMYF3z5JvVlhVsH\ngBLS9MTPllrV+SVg4dgw7vGtn/QM5bp8gwKCAQEA6ml1HBJ3+cOUCY2eW5hxoZ2p\nHbN3cDcbUO3YdxuQIU334i30tCfZbgT0/FkaMmZEgINXyjrnEWyovB0UF/xO7NF9\nV9Fv54+6N+pgn8IcVYy7+a3an7OjV55tZpGKhAlX19hLcIVQXFtYMcPnfoIk2YAX\nJyeIrBh9eAe27kXXQQk5u3y3/lzLBUrPUvXU4SKRS3+jFrlKS3CpL1JJPrkjVODy\ntZvvbHZ/JpHPCaSdh/AKOLjuyQhvr0JTYvvaXv93eetBy+yDcM+paZB7oqHmbSe+\ntdaAzQnZV4SR9eZ/KTYej7Ee2iQm7X7sc2LpJ2sbozTjREXD3WgZ9ixWYUdLcw==\n-----END RSA PRIVATE KEY-----\n",
            "public_key_fingerprint_md5": "da:54:cb:86:73:f1:14:3f:13:14:19:7b:69:f2:ff:41",
            "public_key_fingerprint_sha256": "SHA256:ThlnnipwBfQ6XjV/kx+oyJKWVr1zG1oeWqrtFVzm0IM",
            "public_key_openssh": "ssh-rsa AAAAB3NzaC1yc2EAAAADAQABAAACAQDdmCt9YetQ85WXpARrQdnifPDtlK6tLltICbOcaEmZx4ySqguFFuvMbl0dytOwIf3AMOEfewbUZMZ0ERRYHwWq3PCUzxck9WSg3iZOgjn0LULKx9DCm42cNumDRuUg2OWjvdB2Q4Rx2jFV2MT8wWGPwnQFJ/EwkO9+BTr5rrHTVdWAPfhXjAtFIgl8Mwpd/cCrzxVm4SFqeZ7zznXZik19sSBBZGU2PCV7ef9eiX4mmPbhSPEDCqBNYhp0pJ6RImbZGVViKI4wr0qbTIq2Gg4btIgf+Sm0zQ2m90CeTZMwYuzEbL6Za/6T0Jf87IzO7sz9YCDQFIgUt4LLMVJ5aEIcXLIjj0PohdX54o/bbib3eVr2OrM2PJ9BYJj12gDQX0OW4GfxeQJTcs6LjrMHe17VCxTnW8bwWHA7KLnkyCc7+Gx2z6fDGdUT17shDT0D3Ztqr3oJIZ+Hb7QkHICthenTsKN638dJA0OuxHNU1OFZ/KaZ4jAHA6lPoC9oVhsO4xcqRzq8kiX6herOXjBaH3kR+miTg12kbkGzyuYb5b5FCIodLriX6XKAvvaiL84dkYW0G3fjoEDsOYSIeCymrslCSr5UzyJank9sEAgtMP02Q/xJPN9kurLkXD42ZCAJY2RLkRuUX7iibrKaV7plNLYRE7us6GKuNYbN7yF1DDmsxw==\n",
            "public_key_pem": "-----BEGIN PUBLIC KEY-----\nMIICIjANBgkqhkiG9w0BAQEFAAOCAg8AMIICCgKCAgEA3ZgrfWHrUPOVl6QEa0HZ\n4nzw7ZSurS5bSAmznGhJmceMkqoLhRbrzG5dHcrTsCH9wDDhH3sG1GTGdBEUWB8F\nqtzwlM8XJPVkoN4mToI59C1CysfQwpuNnDbpg0blINjlo73QdkOEcdoxVdjE/MFh\nj8J0BSfxMJDvfgU6+a6x01XVgD34V4wLRSIJfDMKXf3Aq88VZuEhanme88512YpN\nfbEgQWRlNjwle3n/Xol+Jpj24UjxAwqgTWIadKSekSJm2RlVYiiOMK9Km0yKthoO\nG7SIH/kptM0NpvdAnk2TMGLsxGy+mWv+k9CX/OyMzu7M/WAg0BSIFLeCyzFSeWhC\nHFyyI49D6IXV+eKP224m93la9jqzNjyfQWCY9doA0F9DluBn8XkCU3LOi46zB3te\n1QsU51vG8FhwOyi55MgnO/hsds+nwxnVE9e7IQ09A92baq96CSGfh2+0JByArYXp\n07Cjet/HSQNDrsRzVNThWfymmeIwBwOpT6AvaFYbDuMXKkc6vJIl+oXqzl4wWh95\nEfpok4NdpG5Bs8rmG+W+RQiKHS64l+lygL72oi/OHZGFtBt346BA7DmEiHgspq7J\nQkq+VM8iWp5PbBAILTD9NkP8STzfZLqy5Fw+NmQgCWNkS5EblF+4om6ymle6ZTS2\nERO7rOhirjWGze8hdQw5rMcCAwEAAQ==\n-----END PUBLIC KEY-----\n",
            "rsa_bits": 4096
          },
          "sensitive_attributes": [],
          "private": "bnVsbA=="
        }
      ]
    },
    {
      "module": "module.app-server",
      "mode": "managed",
      "type": "aws_instance",
      "name": "default",
      "provider": "provider[\"registry.terraform.io/hashicorp/aws\"]",
      "instances": [
        {
          "schema_version": 1,
          "attributes": {
            "ami": "ami-065deacbcaac64cf2",
            "arn": "arn:aws:ec2:eu-central-1:872380957844:instance/i-04128de5fd2f613ea",
            "associate_public_ip_address": false,
            "availability_zone": "eu-central-1a",
            "capacity_reservation_specification": [
              {
                "capacity_reservation_preference": "open",
                "capacity_reservation_target": []
              }
            ],
            "cpu_core_count": 1,
            "cpu_threads_per_core": 1,
            "credit_specification": [
              {
                "cpu_credits": "standard"
              }
            ],
            "disable_api_termination": false,
            "ebs_block_device": [],
            "ebs_optimized": false,
            "enclave_options": [
              {
                "enabled": false
              }
            ],
            "ephemeral_block_device": [],
            "get_password_data": false,
            "hibernation": false,
            "host_id": null,
            "iam_instance_profile": "test-web-app",
            "id": "i-04128de5fd2f613ea",
            "instance_initiated_shutdown_behavior": "stop",
            "instance_state": "running",
            "instance_type": "t2.micro",
            "ipv6_address_count": 0,
            "ipv6_addresses": [],
            "key_name": "final_key",
            "launch_template": [],
            "maintenance_options": [
              {
                "auto_recovery": "default"
              }
            ],
            "metadata_options": [
              {
                "http_endpoint": "enabled",
                "http_put_response_hop_limit": 1,
                "http_tokens": "optional",
                "instance_metadata_tags": "disabled"
              }
            ],
            "monitoring": false,
            "network_interface": [
              {
                "delete_on_termination": false,
                "device_index": 0,
                "network_card_index": 0,
                "network_interface_id": "eni-0c9e317b614fced62"
              }
            ],
            "outpost_arn": "",
            "password_data": "",
            "placement_group": "",
            "placement_partition_number": null,
            "primary_network_interface_id": "eni-0c9e317b614fced62",
            "private_dns": "ip-192-168-2-50.eu-central-1.compute.internal",
            "private_ip": "192.168.2.50",
            "public_dns": "",
            "public_ip": "",
            "root_block_device": [
              {
                "delete_on_termination": true,
                "device_name": "/dev/sda1",
                "encrypted": false,
                "iops": 100,
                "kms_key_id": "",
                "tags": {},
                "throughput": 0,
                "volume_id": "vol-0f03aa8538a4c1bde",
                "volume_size": 8,
                "volume_type": "gp2"
              }
            ],
            "secondary_private_ips": [],
            "security_groups": [],
            "source_dest_check": true,
            "subnet_id": "subnet-058a93d2dfcdc5054",
            "tags": {
              "Name": "Test Web App"
            },
            "tags_all": {
              "Name": "Test Web App"
            },
            "tenancy": "default",
            "timeouts": null,
            "user_data": "0dfe23a0e585156f4cf7ab5df3a7bb960317bb4b",
            "user_data_base64": null,
            "user_data_replace_on_change": false,
            "volume_tags": null,
            "vpc_security_group_ids": [
              "sg-01a1f465b5406c75e",
              "sg-0990985396f5063ff",
              "sg-0a11f17471d8a5c6e"
            ]
          },
          "sensitive_attributes": [],
          "private": "eyJlMmJmYjczMC1lY2FhLTExZTYtOGY4OC0zNDM2M2JjN2M0YzAiOnsiY3JlYXRlIjo2MDAwMDAwMDAwMDAsImRlbGV0ZSI6MTIwMDAwMDAwMDAwMCwidXBkYXRlIjo2MDAwMDAwMDAwMDB9LCJzY2hlbWFfdmVyc2lvbiI6IjEifQ==",
          "dependencies": [
            "aws_iam_instance_profile.test-web-app",
            "aws_iam_role.test-web-app",
            "aws_key_pair.app_final_key",
            "aws_network_interface.test-web-app",
            "aws_security_group.allow-all-outbound",
            "aws_security_group.allow-ssh-traffic",
            "aws_security_group.allow-web-traffic",
            "aws_subnet.subnet-public-web-app",
            "aws_vpc.test-web-app",
            "data.aws_ami.ubuntu",
            "tls_private_key.app_key"
          ]
        }
      ]
    },
    {
      "module": "module.jenkins",
      "mode": "managed",
      "type": "aws_instance",
      "name": "default",
      "provider": "provider[\"registry.terraform.io/hashicorp/aws\"]",
      "instances": []
    }
  ]
}
